// !$*UTF8*$!
{
	archiveVersion = 1;
	classes = {
	};
	objectVersion = 56;
	objects = {

/* Begin PBXBuildFile section */
		852080A12A2F717400DB9ADC /* HomeView.swift in Sources */ = {isa = PBXBuildFile; fileRef = 852080A02A2F717400DB9ADC /* HomeView.swift */; };
		852080A32A2F718900DB9ADC /* RecipeView.swift in Sources */ = {isa = PBXBuildFile; fileRef = 852080A22A2F718900DB9ADC /* RecipeView.swift */; };
		85366F7A2A2F706300FF327D /* SharecipeApp.swift in Sources */ = {isa = PBXBuildFile; fileRef = 85366F792A2F706300FF327D /* SharecipeApp.swift */; };
		85366F7E2A2F706400FF327D /* Assets.xcassets in Resources */ = {isa = PBXBuildFile; fileRef = 85366F7D2A2F706400FF327D /* Assets.xcassets */; };
		85366F812A2F706400FF327D /* Preview Assets.xcassets in Resources */ = {isa = PBXBuildFile; fileRef = 85366F802A2F706400FF327D /* Preview Assets.xcassets */; };
		85366F8D2A2F710200FF327D /* LoadingView.swift in Sources */ = {isa = PBXBuildFile; fileRef = 85366F8C2A2F710200FF327D /* LoadingView.swift */; };
		857FF4E42A30E0890044C19D /* DeliCake.ttf in Resources */ = {isa = PBXBuildFile; fileRef = 857FF4E32A30E0890044C19D /* DeliCake.ttf */; };
		857FF4E62A30E37E0044C19D /* LemonJelly.ttf in Resources */ = {isa = PBXBuildFile; fileRef = 857FF4E52A30E37D0044C19D /* LemonJelly.ttf */; };
		85C0A55C2A30A50400477732 /* _disabled.rtf in Resources */ = {isa = PBXBuildFile; fileRef = 85C0A55B2A30A50400477732 /* _disabled.rtf */; };
		85C0A55E2A30BB6B00477732 /* SegmentationView.swift in Sources */ = {isa = PBXBuildFile; fileRef = 85C0A55D2A30BB6B00477732 /* SegmentationView.swift */; };
/* End PBXBuildFile section */

/* Begin PBXFileReference section */
		852080A02A2F717400DB9ADC /* HomeView.swift */ = {isa = PBXFileReference; lastKnownFileType = sourcecode.swift; path = HomeView.swift; sourceTree = "<group>"; };
		852080A22A2F718900DB9ADC /* RecipeView.swift */ = {isa = PBXFileReference; lastKnownFileType = sourcecode.swift; path = RecipeView.swift; sourceTree = "<group>"; };
		85366F762A2F706300FF327D /* Sharecipe.app */ = {isa = PBXFileReference; explicitFileType = wrapper.application; includeInIndex = 0; path = Sharecipe.app; sourceTree = BUILT_PRODUCTS_DIR; };
		85366F792A2F706300FF327D /* SharecipeApp.swift */ = {isa = PBXFileReference; lastKnownFileType = sourcecode.swift; path = SharecipeApp.swift; sourceTree = "<group>"; };
		85366F7D2A2F706400FF327D /* Assets.xcassets */ = {isa = PBXFileReference; lastKnownFileType = folder.assetcatalog; path = Assets.xcassets; sourceTree = "<group>"; };
		85366F802A2F706400FF327D /* Preview Assets.xcassets */ = {isa = PBXFileReference; lastKnownFileType = folder.assetcatalog; path = "Preview Assets.xcassets"; sourceTree = "<group>"; };
		85366F8C2A2F710200FF327D /* LoadingView.swift */ = {isa = PBXFileReference; lastKnownFileType = sourcecode.swift; path = LoadingView.swift; sourceTree = SOURCE_ROOT; };
		857FF4E32A30E0890044C19D /* DeliCake.ttf */ = {isa = PBXFileReference; lastKnownFileType = file; path = DeliCake.ttf; sourceTree = "<group>"; };
		857FF4E52A30E37D0044C19D /* LemonJelly.ttf */ = {isa = PBXFileReference; lastKnownFileType = file; path = LemonJelly.ttf; sourceTree = "<group>"; };
		85C0A55B2A30A50400477732 /* _disabled.rtf */ = {isa = PBXFileReference; lastKnownFileType = text.rtf; path = _disabled.rtf; sourceTree = "<group>"; };
		85C0A55D2A30BB6B00477732 /* SegmentationView.swift */ = {isa = PBXFileReference; lastKnownFileType = sourcecode.swift; path = SegmentationView.swift; sourceTree = "<group>"; };
/* End PBXFileReference section */

/* Begin PBXFrameworksBuildPhase section */
		85366F732A2F706300FF327D /* Frameworks */ = {
			isa = PBXFrameworksBuildPhase;
			buildActionMask = 2147483647;
			files = (
			);
			runOnlyForDeploymentPostprocessing = 0;
		};
/* End PBXFrameworksBuildPhase section */

/* Begin PBXGroup section */
		85366F6D2A2F706300FF327D = {
			isa = PBXGroup;
			children = (
				85366F782A2F706300FF327D /* Sharecipe */,
				85366F772A2F706300FF327D /* Products */,
			);
			sourceTree = "<group>";
		};
		85366F772A2F706300FF327D /* Products */ = {
			isa = PBXGroup;
			children = (
				85366F762A2F706300FF327D /* Sharecipe.app */,
			);
			name = Products;
			sourceTree = "<group>";
		};
		85366F782A2F706300FF327D /* Sharecipe */ = {
			isa = PBXGroup;
			children = (
				85366F7F2A2F706400FF327D /* Preview Content */,
				85366F872A2F709200FF327D /* _application */,
				85C0A55F2A30D73F00477732 /* _pocs */,
				85366F882A2F70A100FF327D /* _shared */,
				85366F892A2F70D000FF327D /* view */,
			);
			path = Sharecipe;
			sourceTree = "<group>";
		};
		85366F7F2A2F706400FF327D /* Preview Content */ = {
			isa = PBXGroup;
			children = (
				85366F802A2F706400FF327D /* Preview Assets.xcassets */,
			);
			path = "Preview Content";
			sourceTree = "<group>";
		};
		85366F872A2F709200FF327D /* _application */ = {
			isa = PBXGroup;
			children = (
				85366F792A2F706300FF327D /* SharecipeApp.swift */,
			);
			path = _application;
			sourceTree = "<group>";
		};
		85366F882A2F70A100FF327D /* _shared */ = {
			isa = PBXGroup;
			children = (
				85C0A5602A30D93E00477732 /* _fonts */,
				85C0A55B2A30A50400477732 /* _disabled.rtf */,
				85366F7D2A2F706400FF327D /* Assets.xcassets */,
			);
			path = _shared;
			sourceTree = "<group>";
		};
		85366F892A2F70D000FF327D /* view */ = {
			isa = PBXGroup;
			children = (
				85366F8C2A2F710200FF327D /* LoadingView.swift */,
				852080A02A2F717400DB9ADC /* HomeView.swift */,
				852080A22A2F718900DB9ADC /* RecipeView.swift */,
			);
			path = view;
			sourceTree = "<group>";
		};
		85C0A55F2A30D73F00477732 /* _pocs */ = {
			isa = PBXGroup;
			children = (
				85C0A55D2A30BB6B00477732 /* SegmentationView.swift */,
			);
			path = _pocs;
			sourceTree = "<group>";
		};
		85C0A5602A30D93E00477732 /* _fonts */ = {
			isa = PBXGroup;
			children = (
				857FF4E52A30E37D0044C19D /* LemonJelly.ttf */,
				857FF4E32A30E0890044C19D /* DeliCake.ttf */,
			);
			path = _fonts;
			sourceTree = "<group>";
		};
/* End PBXGroup section */

/* Begin PBXNativeTarget section */
		85366F752A2F706300FF327D /* Sharecipe */ = {
			isa = PBXNativeTarget;
			buildConfigurationList = 85366F842A2F706400FF327D /* Build configuration list for PBXNativeTarget "Sharecipe" */;
			buildPhases = (
				85366F722A2F706300FF327D /* Sources */,
				85366F732A2F706300FF327D /* Frameworks */,
				85366F742A2F706300FF327D /* Resources */,
			);
			buildRules = (
			);
			dependencies = (
			);
			name = Sharecipe;
			productName = Sharecipe;
			productReference = 85366F762A2F706300FF327D /* Sharecipe.app */;
			productType = "com.apple.product-type.application";
		};
/* End PBXNativeTarget section */

/* Begin PBXProject section */
		85366F6E2A2F706300FF327D /* Project object */ = {
			isa = PBXProject;
			attributes = {
				BuildIndependentTargetsInParallel = 1;
				LastSwiftUpdateCheck = 1430;
				LastUpgradeCheck = 1430;
				TargetAttributes = {
					85366F752A2F706300FF327D = {
						CreatedOnToolsVersion = 14.3;
					};
				};
			};
			buildConfigurationList = 85366F712A2F706300FF327D /* Build configuration list for PBXProject "Sharecipe" */;
			compatibilityVersion = "Xcode 14.0";
			developmentRegion = en;
			hasScannedForEncodings = 0;
			knownRegions = (
				en,
				Base,
			);
			mainGroup = 85366F6D2A2F706300FF327D;
			productRefGroup = 85366F772A2F706300FF327D /* Products */;
			projectDirPath = "";
			projectRoot = "";
			targets = (
				85366F752A2F706300FF327D /* Sharecipe */,
			);
		};
/* End PBXProject section */

/* Begin PBXResourcesBuildPhase section */
		85366F742A2F706300FF327D /* Resources */ = {
			isa = PBXResourcesBuildPhase;
			buildActionMask = 2147483647;
			files = (
				857FF4E62A30E37E0044C19D /* LemonJelly.ttf in Resources */,
				85366F812A2F706400FF327D /* Preview Assets.xcassets in Resources */,
				85366F7E2A2F706400FF327D /* Assets.xcassets in Resources */,
				857FF4E42A30E0890044C19D /* DeliCake.ttf in Resources */,
				85C0A55C2A30A50400477732 /* _disabled.rtf in Resources */,
			);
			runOnlyForDeploymentPostprocessing = 0;
		};
/* End PBXResourcesBuildPhase section */

/* Begin PBXSourcesBuildPhase section */
		85366F722A2F706300FF327D /* Sources */ = {
			isa = PBXSourcesBuildPhase;
			buildActionMask = 2147483647;
			files = (
				852080A12A2F717400DB9ADC /* HomeView.swift in Sources */,
				85366F7A2A2F706300FF327D /* SharecipeApp.swift in Sources */,
				852080A32A2F718900DB9ADC /* RecipeView.swift in Sources */,
				85366F8D2A2F710200FF327D /* LoadingView.swift in Sources */,
				85C0A55E2A30BB6B00477732 /* SegmentationView.swift in Sources */,
			);
			runOnlyForDeploymentPostprocessing = 0;
		};
/* End PBXSourcesBuildPhase section */

/* Begin XCBuildConfiguration section */
		85366F822A2F706400FF327D /* Debug */ = {
			isa = XCBuildConfiguration;
			buildSettings = {
				ALWAYS_SEARCH_USER_PATHS = NO;
				CLANG_ANALYZER_NONNULL = YES;
				CLANG_ANALYZER_NUMBER_OBJECT_CONVERSION = YES_AGGRESSIVE;
				CLANG_CXX_LANGUAGE_STANDARD = "gnu++20";
				CLANG_ENABLE_MODULES = YES;
				CLANG_ENABLE_OBJC_ARC = YES;
				CLANG_ENABLE_OBJC_WEAK = YES;
				CLANG_WARN_BLOCK_CAPTURE_AUTORELEASING = YES;
				CLANG_WARN_BOOL_CONVERSION = YES;
				CLANG_WARN_COMMA = YES;
				CLANG_WARN_CONSTANT_CONVERSION = YES;
				CLANG_WARN_DEPRECATED_OBJC_IMPLEMENTATIONS = YES;
				CLANG_WARN_DIRECT_OBJC_ISA_USAGE = YES_ERROR;
				CLANG_WARN_DOCUMENTATION_COMMENTS = YES;
				CLANG_WARN_EMPTY_BODY = YES;
				CLANG_WARN_ENUM_CONVERSION = YES;
				CLANG_WARN_INFINITE_RECURSION = YES;
				CLANG_WARN_INT_CONVERSION = YES;
				CLANG_WARN_NON_LITERAL_NULL_CONVERSION = YES;
				CLANG_WARN_OBJC_IMPLICIT_RETAIN_SELF = YES;
				CLANG_WARN_OBJC_LITERAL_CONVERSION = YES;
				CLANG_WARN_OBJC_ROOT_CLASS = YES_ERROR;
				CLANG_WARN_QUOTED_INCLUDE_IN_FRAMEWORK_HEADER = YES;
				CLANG_WARN_RANGE_LOOP_ANALYSIS = YES;
				CLANG_WARN_STRICT_PROTOTYPES = YES;
				CLANG_WARN_SUSPICIOUS_MOVE = YES;
				CLANG_WARN_UNGUARDED_AVAILABILITY = YES_AGGRESSIVE;
				CLANG_WARN_UNREACHABLE_CODE = YES;
				CLANG_WARN__DUPLICATE_METHOD_MATCH = YES;
				COPY_PHASE_STRIP = NO;
				DEBUG_INFORMATION_FORMAT = dwarf;
				ENABLE_STRICT_OBJC_MSGSEND = YES;
				ENABLE_TESTABILITY = YES;
				GCC_C_LANGUAGE_STANDARD = gnu11;
				GCC_DYNAMIC_NO_PIC = NO;
				GCC_NO_COMMON_BLOCKS = YES;
				GCC_OPTIMIZATION_LEVEL = 0;
				GCC_PREPROCESSOR_DEFINITIONS = (
					"DEBUG=1",
					"$(inherited)",
				);
				GCC_WARN_64_TO_32_BIT_CONVERSION = YES;
				GCC_WARN_ABOUT_RETURN_TYPE = YES_ERROR;
				GCC_WARN_UNDECLARED_SELECTOR = YES;
				GCC_WARN_UNINITIALIZED_AUTOS = YES_AGGRESSIVE;
				GCC_WARN_UNUSED_FUNCTION = YES;
				GCC_WARN_UNUSED_VARIABLE = YES;
				IPHONEOS_DEPLOYMENT_TARGET = 16.4;
				MTL_ENABLE_DEBUG_INFO = INCLUDE_SOURCE;
				MTL_FAST_MATH = YES;
				ONLY_ACTIVE_ARCH = YES;
				SDKROOT = iphoneos;
				SWIFT_ACTIVE_COMPILATION_CONDITIONS = DEBUG;
				SWIFT_OPTIMIZATION_LEVEL = "-Onone";
			};
			name = Debug;
		};
		85366F832A2F706400FF327D /* Release */ = {
			isa = XCBuildConfiguration;
			buildSettings = {
				ALWAYS_SEARCH_USER_PATHS = NO;
				CLANG_ANALYZER_NONNULL = YES;
				CLANG_ANALYZER_NUMBER_OBJECT_CONVERSION = YES_AGGRESSIVE;
				CLANG_CXX_LANGUAGE_STANDARD = "gnu++20";
				CLANG_ENABLE_MODULES = YES;
				CLANG_ENABLE_OBJC_ARC = YES;
				CLANG_ENABLE_OBJC_WEAK = YES;
				CLANG_WARN_BLOCK_CAPTURE_AUTORELEASING = YES;
				CLANG_WARN_BOOL_CONVERSION = YES;
				CLANG_WARN_COMMA = YES;
				CLANG_WARN_CONSTANT_CONVERSION = YES;
				CLANG_WARN_DEPRECATED_OBJC_IMPLEMENTATIONS = YES;
				CLANG_WARN_DIRECT_OBJC_ISA_USAGE = YES_ERROR;
				CLANG_WARN_DOCUMENTATION_COMMENTS = YES;
				CLANG_WARN_EMPTY_BODY = YES;
				CLANG_WARN_ENUM_CONVERSION = YES;
				CLANG_WARN_INFINITE_RECURSION = YES;
				CLANG_WARN_INT_CONVERSION = YES;
				CLANG_WARN_NON_LITERAL_NULL_CONVERSION = YES;
				CLANG_WARN_OBJC_IMPLICIT_RETAIN_SELF = YES;
				CLANG_WARN_OBJC_LITERAL_CONVERSION = YES;
				CLANG_WARN_OBJC_ROOT_CLASS = YES_ERROR;
				CLANG_WARN_QUOTED_INCLUDE_IN_FRAMEWORK_HEADER = YES;
				CLANG_WARN_RANGE_LOOP_ANALYSIS = YES;
				CLANG_WARN_STRICT_PROTOTYPES = YES;
				CLANG_WARN_SUSPICIOUS_MOVE = YES;
				CLANG_WARN_UNGUARDED_AVAILABILITY = YES_AGGRESSIVE;
				CLANG_WARN_UNREACHABLE_CODE = YES;
				CLANG_WARN__DUPLICATE_METHOD_MATCH = YES;
				COPY_PHASE_STRIP = NO;
				DEBUG_INFORMATION_FORMAT = "dwarf-with-dsym";
				ENABLE_NS_ASSERTIONS = NO;
				ENABLE_STRICT_OBJC_MSGSEND = YES;
				GCC_C_LANGUAGE_STANDARD = gnu11;
				GCC_NO_COMMON_BLOCKS = YES;
				GCC_WARN_64_TO_32_BIT_CONVERSION = YES;
				GCC_WARN_ABOUT_RETURN_TYPE = YES_ERROR;
				GCC_WARN_UNDECLARED_SELECTOR = YES;
				GCC_WARN_UNINITIALIZED_AUTOS = YES_AGGRESSIVE;
				GCC_WARN_UNUSED_FUNCTION = YES;
				GCC_WARN_UNUSED_VARIABLE = YES;
				IPHONEOS_DEPLOYMENT_TARGET = 16.4;
				MTL_ENABLE_DEBUG_INFO = NO;
				MTL_FAST_MATH = YES;
				SDKROOT = iphoneos;
				SWIFT_COMPILATION_MODE = wholemodule;
				SWIFT_OPTIMIZATION_LEVEL = "-O";
				VALIDATE_PRODUCT = YES;
			};
			name = Release;
		};
		85366F852A2F706400FF327D /* Debug */ = {
			isa = XCBuildConfiguration;
			buildSettings = {
				ASSETCATALOG_COMPILER_APPICON_NAME = AppIcon;
				ASSETCATALOG_COMPILER_GLOBAL_ACCENT_COLOR_NAME = AccentColor;
				CODE_SIGN_STYLE = Automatic;
				CURRENT_PROJECT_VERSION = 1;
				DEVELOPMENT_ASSET_PATHS = "\"Sharecipe/Preview Content\"";
				DEVELOPMENT_TEAM = 4742JJ9L6T;
				ENABLE_PREVIEWS = YES;
				GENERATE_INFOPLIST_FILE = YES;
				INFOPLIST_FILE = Sharecipe/Info.plist;
				INFOPLIST_KEY_UIApplicationSceneManifest_Generation = YES;
				INFOPLIST_KEY_UIApplicationSupportsIndirectInputEvents = YES;
				INFOPLIST_KEY_UILaunchScreen_Generation = YES;
				INFOPLIST_KEY_UISupportedInterfaceOrientations_iPad = "UIInterfaceOrientationPortrait UIInterfaceOrientationPortraitUpsideDown UIInterfaceOrientationLandscapeLeft UIInterfaceOrientationLandscapeRight";
				INFOPLIST_KEY_UISupportedInterfaceOrientations_iPhone = "UIInterfaceOrientationPortrait UIInterfaceOrientationLandscapeLeft UIInterfaceOrientationLandscapeRight";
				LD_RUNPATH_SEARCH_PATHS = (
					"$(inherited)",
					"@executable_path/Frameworks",
				);
				MARKETING_VERSION = 1.0;
				PRODUCT_BUNDLE_IDENTIFIER = "apple-developer-academy-ce.Sharecipe";
				PRODUCT_NAME = "$(TARGET_NAME)";
				SWIFT_EMIT_LOC_STRINGS = YES;
				SWIFT_VERSION = 5.0;
				TARGETED_DEVICE_FAMILY = "1,2";
			};
			name = Debug;
		};
		85366F862A2F706400FF327D /* Release */ = {
			isa = XCBuildConfiguration;
			buildSettings = {
				ASSETCATALOG_COMPILER_APPICON_NAME = AppIcon;
				ASSETCATALOG_COMPILER_GLOBAL_ACCENT_COLOR_NAME = AccentColor;
				CODE_SIGN_STYLE = Automatic;
				CURRENT_PROJECT_VERSION = 1;
				DEVELOPMENT_ASSET_PATHS = "\"Sharecipe/Preview Content\"";
				DEVELOPMENT_TEAM = 4742JJ9L6T;
				ENABLE_PREVIEWS = YES;
				GENERATE_INFOPLIST_FILE = YES;
				INFOPLIST_FILE = Sharecipe/Info.plist;
				INFOPLIST_KEY_UIApplicationSceneManifest_Generation = YES;
				INFOPLIST_KEY_UIApplicationSupportsIndirectInputEvents = YES;
				INFOPLIST_KEY_UILaunchScreen_Generation = YES;
				INFOPLIST_KEY_UISupportedInterfaceOrientations_iPad = "UIInterfaceOrientationPortrait UIInterfaceOrientationPortraitUpsideDown UIInterfaceOrientationLandscapeLeft UIInterfaceOrientationLandscapeRight";
				INFOPLIST_KEY_UISupportedInterfaceOrientations_iPhone = "UIInterfaceOrientationPortrait UIInterfaceOrientationLandscapeLeft UIInterfaceOrientationLandscapeRight";
				LD_RUNPATH_SEARCH_PATHS = (
					"$(inherited)",
					"@executable_path/Frameworks",
				);
				MARKETING_VERSION = 1.0;
				PRODUCT_BUNDLE_IDENTIFIER = "apple-developer-academy-ce.Sharecipe";
				PRODUCT_NAME = "$(TARGET_NAME)";
				SWIFT_EMIT_LOC_STRINGS = YES;
				SWIFT_VERSION = 5.0;
				TARGETED_DEVICE_FAMILY = "1,2";
			};
			name = Release;
		};
/* End XCBuildConfiguration section */

/* Begin XCConfigurationList section */
		85366F712A2F706300FF327D /* Build configuration list for PBXProject "Sharecipe" */ = {
			isa = XCConfigurationList;
			buildConfigurations = (
				85366F822A2F706400FF327D /* Debug */,
				85366F832A2F706400FF327D /* Release */,
			);
			defaultConfigurationIsVisible = 0;
			defaultConfigurationName = Release;
		};
		85366F842A2F706400FF327D /* Build configuration list for PBXNativeTarget "Sharecipe" */ = {
			isa = XCConfigurationList;
			buildConfigurations = (
				85366F852A2F706400FF327D /* Debug */,
				85366F862A2F706400FF327D /* Release */,
			);
			defaultConfigurationIsVisible = 0;
			defaultConfigurationName = Release;
		};
/* End XCConfigurationList section */
	};
	rootObject = 85366F6E2A2F706300FF327D /* Project object */;
}
